{
  "name": "ar-hunt",
  "version": "0.1.0",
  "lockfileVersion": 1,
  "requires": true,
  "dependencies": {
    "ar.js": {
      "version": "1.6.2",
      "resolved": "https://registry.npmjs.org/ar.js/-/ar.js-1.6.2.tgz",
      "integrity": "sha512-DyY2p+burggQXTbhBdYVZCCxtmUufJuj4JhbNT3gYbPMvJR1NafpvNihf5Bdel3QBkwy+uRgDfoOm3Gj7OyhPg=="
    }
  }
}
